
Microsoft Visual Studio Solution File, Format Version 12.00
# Visual Studio Version 16
VisualStudioVersion = 16.0.30503.244
MinimumVisualStudioVersion = 10.0.40219.1
Project("{9A19103F-16F7-4668-BE54-9A1E7A4F7556}") = "GetJob.Web", "GetJob.Web\GetJob.Web.csproj", "{0450580B-5618-4B35-A2E5-A70C31F1DA1D}"
EndProject
Project("{9A19103F-16F7-4668-BE54-9A1E7A4F7556}") = "GetJob.Data", "GetJob.Data\GetJob.Data.csproj", "{2744FAC2-394D-484D-98C5-78AC8AEC7EED}"
EndProject
Project("{9A19103F-16F7-4668-BE54-9A1E7A4F7556}") = "GetJob.Services", "GetJob.Services\GetJob.Services.csproj", "{DD131F38-71B5-43DD-AB34-6760E9BEF46D}"
EndProject
Project("{9A19103F-16F7-4668-BE54-9A1E7A4F7556}") = "GetJob.Models", "GetJob.Models\GetJob.Models.csproj", "{9A38AD07-C1EA-4ACF-AC82-7E0C7D313C50}"
EndProject
Project("{FAE04EC0-301F-11D3-BF4B-00C04F79EFBC}") = "GetJob.Services.Test", "GetJob.Test\GetJob.Services.Test.csproj", "{B16ACCE9-4BB9-40EC-9DBC-A44CE8514719}"
EndProject
Global
	GlobalSection(SolutionConfigurationPlatforms) = preSolution
		Debug|Any CPU = Debug|Any CPU
		Release|Any CPU = Release|Any CPU
	EndGlobalSection
	GlobalSection(ProjectConfigurationPlatforms) = postSolution
		{0450580B-5618-4B35-A2E5-A70C31F1DA1D}.Debug|Any CPU.ActiveCfg = Debug|Any CPU
		{0450580B-5618-4B35-A2E5-A70C31F1DA1D}.Debug|Any CPU.Build.0 = Debug|Any CPU
		{0450580B-5618-4B35-A2E5-A70C31F1DA1D}.Release|Any CPU.ActiveCfg = Release|Any CPU
		{0450580B-5618-4B35-A2E5-A70C31F1DA1D}.Release|Any CPU.Build.0 = Release|Any CPU
		{2744FAC2-394D-484D-98C5-78AC8AEC7EED}.Debug|Any CPU.ActiveCfg = Debug|Any CPU
		{2744FAC2-394D-484D-98C5-78AC8AEC7EED}.Debug|Any CPU.Build.0 = Debug|Any CPU
		{2744FAC2-394D-484D-98C5-78AC8AEC7EED}.Release|Any CPU.ActiveCfg = Release|Any CPU
		{2744FAC2-394D-484D-98C5-78AC8AEC7EED}.Release|Any CPU.Build.0 = Release|Any CPU
		{DD131F38-71B5-43DD-AB34-6760E9BEF46D}.Debug|Any CPU.ActiveCfg = Debug|Any CPU
		{DD131F38-71B5-43DD-AB34-6760E9BEF46D}.Debug|Any CPU.Build.0 = Debug|Any CPU
		{DD131F38-71B5-43DD-AB34-6760E9BEF46D}.Release|Any CPU.ActiveCfg = Release|Any CPU
		{DD131F38-71B5-43DD-AB34-6760E9BEF46D}.Release|Any CPU.Build.0 = Release|Any CPU
		{9A38AD07-C1EA-4ACF-AC82-7E0C7D313C50}.Debug|Any CPU.ActiveCfg = Debug|Any CPU
		{9A38AD07-C1EA-4ACF-AC82-7E0C7D313C50}.Debug|Any CPU.Build.0 = Debug|Any CPU
		{9A38AD07-C1EA-4ACF-AC82-7E0C7D313C50}.Release|Any CPU.ActiveCfg = Release|Any CPU
		{9A38AD07-C1EA-4ACF-AC82-7E0C7D313C50}.Release|Any CPU.Build.0 = Release|Any CPU
		{B16ACCE9-4BB9-40EC-9DBC-A44CE8514719}.Debug|Any CPU.ActiveCfg = Debug|Any CPU
		{B16ACCE9-4BB9-40EC-9DBC-A44CE8514719}.Debug|Any CPU.Build.0 = Debug|Any CPU
		{B16ACCE9-4BB9-40EC-9DBC-A44CE8514719}.Release|Any CPU.ActiveCfg = Release|Any CPU
		{B16ACCE9-4BB9-40EC-9DBC-A44CE8514719}.Release|Any CPU.Build.0 = Release|Any CPU
	EndGlobalSection
	GlobalSection(SolutionProperties) = preSolution
		HideSolutionNode = FALSE
	EndGlobalSection
	GlobalSection(ExtensibilityGlobals) = postSolution
		SolutionGuid = {BB7058AD-E1AC-4EF0-8FF6-5E47594D07DC}
	EndGlobalSection
EndGlobal
