
Microsoft Visual Studio Solution File, Format Version 12.00
# Visual Studio Version 16
VisualStudioVersion = 16.0.30503.244
MinimumVisualStudioVersion = 10.0.40219.1
Project("{9A19103F-16F7-4668-BE54-9A1E7A4F7556}") = "GetJob.Web", "Jiuye.Web\GetJob.Web.csproj", "{8B847BD7-A7FF-49D9-A4EF-80F3C72A0F15}"
EndProject
Project("{FAE04EC0-301F-11D3-BF4B-00C04F79EFBC}") = "GetJob.Model", "Jiuye.Model\GetJob.Model.csproj", "{2BD33C65-76B7-493E-9C46-5EA93CDE3B5D}"
EndProject
Global
	GlobalSection(SolutionConfigurationPlatforms) = preSolution
		Debug|Any CPU = Debug|Any CPU
		Release|Any CPU = Release|Any CPU
	EndGlobalSection
	GlobalSection(ProjectConfigurationPlatforms) = postSolution
		{8B847BD7-A7FF-49D9-A4EF-80F3C72A0F15}.Debug|Any CPU.ActiveCfg = Debug|Any CPU
		{8B847BD7-A7FF-49D9-A4EF-80F3C72A0F15}.Debug|Any CPU.Build.0 = Debug|Any CPU
		{8B847BD7-A7FF-49D9-A4EF-80F3C72A0F15}.Release|Any CPU.ActiveCfg = Release|Any CPU
		{8B847BD7-A7FF-49D9-A4EF-80F3C72A0F15}.Release|Any CPU.Build.0 = Release|Any CPU
		{2BD33C65-76B7-493E-9C46-5EA93CDE3B5D}.Debug|Any CPU.ActiveCfg = Debug|Any CPU
		{2BD33C65-76B7-493E-9C46-5EA93CDE3B5D}.Debug|Any CPU.Build.0 = Debug|Any CPU
		{2BD33C65-76B7-493E-9C46-5EA93CDE3B5D}.Release|Any CPU.ActiveCfg = Release|Any CPU
		{2BD33C65-76B7-493E-9C46-5EA93CDE3B5D}.Release|Any CPU.Build.0 = Release|Any CPU
	EndGlobalSection
	GlobalSection(SolutionProperties) = preSolution
		HideSolutionNode = FALSE
	EndGlobalSection
	GlobalSection(ExtensibilityGlobals) = postSolution
		SolutionGuid = {BB7058AD-E1AC-4EF0-8FF6-5E47594D07DC}
	EndGlobalSection
EndGlobal
